{
  "name": "custome_hooks",
  "version": "1.0.0",
  "lockfileVersion": 3,
  "requires": true,
  "packages": {
    "": {
      "name": "custome_hooks",
      "version": "1.0.0",
      "dependencies": {
        "react": "^18.2.0",
        "react-dom": "^18.2.0"
      },
      "devDependencies": {
        "@rsbuild/core": "^0.5.7",
        "@rsbuild/plugin-react": "^0.5.7",
        "@types/react": "^18.2.71",
        "@types/react-dom": "^18.2.22",
        "typescript": "^5.4.2"
      }
    },
    "node_modules/@module-federation/runtime": {
      "version": "0.0.8",
      "resolved": "https://registry.npmjs.org/@module-federation/runtime/-/runtime-0.0.8.tgz",
      "integrity": "sha512-Hi9g10aHxHdQ7CbchSvke07YegYwkf162XPOmixNmJr5Oy4wVa2d9yIVSrsWFhBRbbvM5iJP6GrSuEq6HFO3ug==",
      "dev": true,
      "dependencies": {
        "@module-federation/sdk": "0.0.8"
      }
    },
    "node_modules/@module-federation/runtime-tools": {
      "version": "0.0.8",
      "resolved": "https://registry.npmjs.org/@module-federation/runtime-tools/-/runtime-tools-0.0.8.tgz",
      "integrity": "sha512-tqx3wlVHnpWLk+vn22c0x9Nv1BqdZnoS6vdMb53IsVpbQIFP70nhhvymHUyFuPkoLzMFidS7GpG58DYT/4lvCw==",
      "dev": true,
      "dependencies": {
        "@module-federation/runtime": "0.0.8",
        "@module-federation/webpack-bundler-runtime": "0.0.8"
      }
    },
    "node_modules/@module-federation/sdk": {
      "version": "0.0.8",
      "resolved": "https://registry.npmjs.org/@module-federation/sdk/-/sdk-0.0.8.tgz",
      "integrity": "sha512-lkasywBItjUTNT0T0IskonDE2E/2tXE9UhUCPVoDL3NteDUSFGg4tpkF+cey1pD8mHh0XJcGrCuOW7s96peeAg==",
      "dev": true
    },
    "node_modules/@module-federation/webpack-bundler-runtime": {
      "version": "0.0.8",
      "resolved": "https://registry.npmjs.org/@module-federation/webpack-bundler-runtime/-/webpack-bundler-runtime-0.0.8.tgz",
      "integrity": "sha512-ULwrTVzF47+6XnWybt6SIq97viEYJRv4P/DByw5h7PSX9PxSGyMm5pHfXdhcb7tno7VknL0t2V8F48fetVL9kA==",
      "dev": true,
      "dependencies": {
        "@module-federation/runtime": "0.0.8",
        "@module-federation/sdk": "0.0.8"
      }
    },
    "node_modules/@rsbuild/core": {
      "version": "0.5.7",
      "resolved": "https://registry.npmjs.org/@rsbuild/core/-/core-0.5.7.tgz",
      "integrity": "sha512-ccoXFc/4U44SxSwsJguxCDTynOGbEFR5Xy4DkPDzXZ4wliJk1jQyF+WPIq0437L/r+rdYmed3DbqI9iTLq19xQ==",
      "dev": true,
      "dependencies": {
        "@rsbuild/shared": "0.5.7",
        "@rspack/core": "0.5.9-canary-8778e17-20240403045016",
        "@swc/helpers": "0.5.3",
        "core-js": "~3.36.0",
        "html-webpack-plugin": "npm:html-rspack-plugin@5.6.2",
        "postcss": "^8.4.38"
      },
      "bin": {
        "rsbuild": "bin/rsbuild.js"
      },
      "engines": {
        "node": ">=16.0.0"
      }
    },
    "node_modules/@rsbuild/core/node_modules/@rspack/binding": {
      "version": "0.5.9-canary-8778e17-20240403045016",
      "resolved": "https://registry.npmjs.org/@rspack/binding/-/binding-0.5.9-canary-8778e17-20240403045016.tgz",
      "integrity": "sha512-Ou5NBpz6ochCjP8QmZZRpAZJekZv0WGeJ5wUjwzT/Pa8pBioc4pf9oGYdtP+N6dNqGi/bmsTqhKdhf5Sz9yzGw==",
      "dev": true,
      "optionalDependencies": {
        "@rspack/binding-darwin-arm64": "0.5.9-canary-8778e17-20240403045016",
        "@rspack/binding-darwin-x64": "0.5.9-canary-8778e17-20240403045016",
        "@rspack/binding-linux-arm64-gnu": "0.5.9-canary-8778e17-20240403045016",
        "@rspack/binding-linux-arm64-musl": "0.5.9-canary-8778e17-20240403045016",
        "@rspack/binding-linux-x64-gnu": "0.5.9-canary-8778e17-20240403045016",
        "@rspack/binding-linux-x64-musl": "0.5.9-canary-8778e17-20240403045016",
        "@rspack/binding-win32-arm64-msvc": "0.5.9-canary-8778e17-20240403045016",
        "@rspack/binding-win32-ia32-msvc": "0.5.9-canary-8778e17-20240403045016",
        "@rspack/binding-win32-x64-msvc": "0.5.9-canary-8778e17-20240403045016"
      }
    },
    "node_modules/@rsbuild/core/node_modules/@rspack/binding-darwin-arm64": {
      "version": "0.5.9-canary-8778e17-20240403045016",
      "resolved": "https://registry.npmjs.org/@rspack/binding-darwin-arm64/-/binding-darwin-arm64-0.5.9-canary-8778e17-20240403045016.tgz",
      "integrity": "sha512-nG7MDfw1TPmI7F0s3PTHgM0ISNk48RvgyeLf/mki7BJMdplpNTKrd+937PHb+P1IjPEgT2fQcSKtwPipDK0+jg==",
      "cpu": [
        "arm64"
      ],
      "dev": true,
      "optional": true,
      "os": [
        "darwin"
      ]
    },
    "node_modules/@rsbuild/core/node_modules/@rspack/binding-darwin-x64": {
      "version": "0.5.9-canary-8778e17-20240403045016",
      "resolved": "https://registry.npmjs.org/@rspack/binding-darwin-x64/-/binding-darwin-x64-0.5.9-canary-8778e17-20240403045016.tgz",
      "integrity": "sha512-1d4HqUpSAeDnXKO1bg5i2uKsmgdf2gSzV6ZyCmNzeiT5NhyMNpk/sUgdrq9LQTUF/xGKPabyaWghNvfFgHHz9Q==",
      "cpu": [
        "x64"
      ],
      "dev": true,
      "optional": true,
      "os": [
        "darwin"
      ]
    },
    "node_modules/@rsbuild/core/node_modules/@rspack/binding-linux-arm64-gnu": {
      "version": "0.5.9-canary-8778e17-20240403045016",
      "resolved": "https://registry.npmjs.org/@rspack/binding-linux-arm64-gnu/-/binding-linux-arm64-gnu-0.5.9-canary-8778e17-20240403045016.tgz",
      "integrity": "sha512-KAdUGSzko5d7CGB/jrY++QhcLm6gVor5xHY8Xj67kbGtu1bAB3tIlxaGZSkTzN14szrAMgJnbgaoUg4+RRWTwA==",
      "cpu": [
        "arm64"
      ],
      "dev": true,
      "optional": true,
      "os": [
        "linux"
      ]
    },
    "node_modules/@rsbuild/core/node_modules/@rspack/binding-linux-arm64-musl": {
      "version": "0.5.9-canary-8778e17-20240403045016",
      "resolved": "https://registry.npmjs.org/@rspack/binding-linux-arm64-musl/-/binding-linux-arm64-musl-0.5.9-canary-8778e17-20240403045016.tgz",
      "integrity": "sha512-hstYwkMpu4/gcG7nQYNa2bN1UrHthSs44S+KMiNFqR/r+fyP3O52OebHHD9PuoZaJ+FEnXDPcnkOO2hIeiYFxg==",
      "cpu": [
        "arm64"
      ],
      "dev": true,
      "optional": true,
      "os": [
        "linux"
      ]
    },
    "node_modules/@rsbuild/core/node_modules/@rspack/binding-linux-x64-gnu": {
      "version": "0.5.9-canary-8778e17-20240403045016",
      "resolved": "https://registry.npmjs.org/@rspack/binding-linux-x64-gnu/-/binding-linux-x64-gnu-0.5.9-canary-8778e17-20240403045016.tgz",
      "integrity": "sha512-ZMDQwLyfITvVvwUScbiHrctIW+M8pOp9ZB5JsGFvfhyemmer7MjTehFoYTNkN7ZMYsQsfRFzvrgEGVoYLel3ZQ==",
      "cpu": [
        "x64"
      ],
      "dev": true,
      "optional": true,
      "os": [
        "linux"
      ]
    },
    "node_modules/@rsbuild/core/node_modules/@rspack/binding-linux-x64-musl": {
      "version": "0.5.9-canary-8778e17-20240403045016",
      "resolved": "https://registry.npmjs.org/@rspack/binding-linux-x64-musl/-/binding-linux-x64-musl-0.5.9-canary-8778e17-20240403045016.tgz",
      "integrity": "sha512-sHrx3fF/fFfcWNXD4Uu2zc8Wh3IzEVr7o4aomKmD2oUSKzmKPVyAl74hNei+MB/tcW6ejp1sHQOhPMX1gAZV+w==",
      "cpu": [
        "x64"
      ],
      "dev": true,
      "optional": true,
      "os": [
        "linux"
      ]
    },
    "node_modules/@rsbuild/core/node_modules/@rspack/binding-win32-arm64-msvc": {
      "version": "0.5.9-canary-8778e17-20240403045016",
      "resolved": "https://registry.npmjs.org/@rspack/binding-win32-arm64-msvc/-/binding-win32-arm64-msvc-0.5.9-canary-8778e17-20240403045016.tgz",
      "integrity": "sha512-LySghG2vx/NeZQPTkCR5izmH7LDmi1owbde97sS6M0W8dc7QhwiFporxAWU4f2EvKgAx42l3V/5uAt7DwhLFMQ==",
      "cpu": [
        "arm64"
      ],
      "dev": true,
      "optional": true,
      "os": [
        "win32"
      ]
    },
    "node_modules/@rsbuild/core/node_modules/@rspack/binding-win32-ia32-msvc": {
      "version": "0.5.9-canary-8778e17-20240403045016",
      "resolved": "https://registry.npmjs.org/@rspack/binding-win32-ia32-msvc/-/binding-win32-ia32-msvc-0.5.9-canary-8778e17-20240403045016.tgz",
      "integrity": "sha512-lxMRk4i34G5ATqWQdPj4IW0uojDDyzWBynspzBnTPmvI92KzZD1+WDCbW2B5G+xSxqAoDYTECrezLYFrPhIAag==",
      "cpu": [
        "ia32"
      ],
      "dev": true,
      "optional": true,
      "os": [
        "win32"
      ]
    },
    "node_modules/@rsbuild/core/node_modules/@rspack/binding-win32-x64-msvc": {
      "version": "0.5.9-canary-8778e17-20240403045016",
      "resolved": "https://registry.npmjs.org/@rspack/binding-win32-x64-msvc/-/binding-win32-x64-msvc-0.5.9-canary-8778e17-20240403045016.tgz",
      "integrity": "sha512-q0EzWVXU1gXBHXJCWkmgVODT1hCpRdQiEPqA0TKhn47XRfcVm7HMFJSsGOH046JiLpOjxF8kG2LFP/kca2YDiw==",
      "cpu": [
        "x64"
      ],
      "dev": true,
      "optional": true,
      "os": [
        "win32"
      ]
    },
    "node_modules/@rsbuild/core/node_modules/@rspack/core": {
      "version": "0.5.9-canary-8778e17-20240403045016",
      "resolved": "https://registry.npmjs.org/@rspack/core/-/core-0.5.9-canary-8778e17-20240403045016.tgz",
      "integrity": "sha512-UZ6U2RPnLJ2suswKxqxJIW02eoKdZdFX2/CpE5Y7NnGmp7mNd+lSNbiNnhuJ9KXL/RcopmI0CSmnlb9wRglqlQ==",
      "dev": true,
      "dependencies": {
        "@module-federation/runtime-tools": "0.0.8",
        "@rspack/binding": "0.5.9-canary-8778e17-20240403045016",
        "browserslist": "^4.21.3",
        "enhanced-resolve": "5.12.0",
        "events": "^3.3.0",
        "graceful-fs": "4.2.10",
        "json-parse-even-better-errors": "^3.0.0",
        "neo-async": "2.6.2",
        "tapable": "2.2.1",
        "watchpack": "^2.4.0",
        "webpack-sources": "3.2.3",
        "zod": "^3.21.4",
        "zod-validation-error": "1.3.1"
      },
      "engines": {
        "node": ">=16.0.0"
      },
      "peerDependencies": {
        "@swc/helpers": ">=0.5.1"
      },
      "peerDependenciesMeta": {
        "@swc/helpers": {
          "optional": true
        }
      }
    },
    "node_modules/@rsbuild/plugin-react": {
      "version": "0.5.7",
      "resolved": "https://registry.npmjs.org/@rsbuild/plugin-react/-/plugin-react-0.5.7.tgz",
      "integrity": "sha512-14DO+GCjwVnjiiTtCveumVkmbEYu8fyZrv8owC9Sjm5kYtXW4zYERyBhwqVROOceZo/4DaU7U52V8f+XLuDPXQ==",
      "dev": true,
      "dependencies": {
        "@rsbuild/shared": "0.5.7",
        "@rspack/plugin-react-refresh": "0.5.9-canary-8778e17-20240403045016",
        "react-refresh": "^0.14.0"
      },
      "peerDependencies": {
        "@rsbuild/core": "^0.5.7"
      }
    },
    "node_modules/@rsbuild/shared": {
      "version": "0.5.7",
      "resolved": "https://registry.npmjs.org/@rsbuild/shared/-/shared-0.5.7.tgz",
      "integrity": "sha512-5g5JjAZ970bQGiUqNnUj7BnXNS4ihliYYRCuCggQFW41JpZcMjodCSPHTaSjuCf/4V0YZRpdPXR3Bgkb6dGr+Q==",
      "dev": true,
      "dependencies": {
        "@rspack/core": "0.5.9-canary-8778e17-20240403045016",
        "caniuse-lite": "^1.0.30001600",
        "postcss": "^8.4.38"
      }
    },
    "node_modules/@rsbuild/shared/node_modules/@rspack/binding": {
      "version": "0.5.9-canary-8778e17-20240403045016",
      "resolved": "https://registry.npmjs.org/@rspack/binding/-/binding-0.5.9-canary-8778e17-20240403045016.tgz",
      "integrity": "sha512-Ou5NBpz6ochCjP8QmZZRpAZJekZv0WGeJ5wUjwzT/Pa8pBioc4pf9oGYdtP+N6dNqGi/bmsTqhKdhf5Sz9yzGw==",
      "dev": true,
      "optionalDependencies": {
        "@rspack/binding-darwin-arm64": "0.5.9-canary-8778e17-20240403045016",
        "@rspack/binding-darwin-x64": "0.5.9-canary-8778e17-20240403045016",
        "@rspack/binding-linux-arm64-gnu": "0.5.9-canary-8778e17-20240403045016",
        "@rspack/binding-linux-arm64-musl": "0.5.9-canary-8778e17-20240403045016",
        "@rspack/binding-linux-x64-gnu": "0.5.9-canary-8778e17-20240403045016",
        "@rspack/binding-linux-x64-musl": "0.5.9-canary-8778e17-20240403045016",
        "@rspack/binding-win32-arm64-msvc": "0.5.9-canary-8778e17-20240403045016",
        "@rspack/binding-win32-ia32-msvc": "0.5.9-canary-8778e17-20240403045016",
        "@rspack/binding-win32-x64-msvc": "0.5.9-canary-8778e17-20240403045016"
      }
    },
    "node_modules/@rsbuild/shared/node_modules/@rspack/binding-darwin-arm64": {
      "version": "0.5.9-canary-8778e17-20240403045016",
      "resolved": "https://registry.npmjs.org/@rspack/binding-darwin-arm64/-/binding-darwin-arm64-0.5.9-canary-8778e17-20240403045016.tgz",
      "integrity": "sha512-nG7MDfw1TPmI7F0s3PTHgM0ISNk48RvgyeLf/mki7BJMdplpNTKrd+937PHb+P1IjPEgT2fQcSKtwPipDK0+jg==",
      "cpu": [
        "arm64"
      ],
      "dev": true,
      "optional": true,
      "os": [
        "darwin"
      ]
    },
    "node_modules/@rsbuild/shared/node_modules/@rspack/binding-darwin-x64": {
      "version": "0.5.9-canary-8778e17-20240403045016",
      "resolved": "https://registry.npmjs.org/@rspack/binding-darwin-x64/-/binding-darwin-x64-0.5.9-canary-8778e17-20240403045016.tgz",
      "integrity": "sha512-1d4HqUpSAeDnXKO1bg5i2uKsmgdf2gSzV6ZyCmNzeiT5NhyMNpk/sUgdrq9LQTUF/xGKPabyaWghNvfFgHHz9Q==",
      "cpu": [
        "x64"
      ],
      "dev": true,
      "optional": true,
      "os": [
        "darwin"
      ]
    },
    "node_modules/@rsbuild/shared/node_modules/@rspack/binding-linux-arm64-gnu": {
      "version": "0.5.9-canary-8778e17-20240403045016",
      "resolved": "https://registry.npmjs.org/@rspack/binding-linux-arm64-gnu/-/binding-linux-arm64-gnu-0.5.9-canary-8778e17-20240403045016.tgz",
      "integrity": "sha512-KAdUGSzko5d7CGB/jrY++QhcLm6gVor5xHY8Xj67kbGtu1bAB3tIlxaGZSkTzN14szrAMgJnbgaoUg4+RRWTwA==",
      "cpu": [
        "arm64"
      ],
      "dev": true,
      "optional": true,
      "os": [
        "linux"
      ]
    },
    "node_modules/@rsbuild/shared/node_modules/@rspack/binding-linux-arm64-musl": {
      "version": "0.5.9-canary-8778e17-20240403045016",
      "resolved": "https://registry.npmjs.org/@rspack/binding-linux-arm64-musl/-/binding-linux-arm64-musl-0.5.9-canary-8778e17-20240403045016.tgz",
      "integrity": "sha512-hstYwkMpu4/gcG7nQYNa2bN1UrHthSs44S+KMiNFqR/r+fyP3O52OebHHD9PuoZaJ+FEnXDPcnkOO2hIeiYFxg==",
      "cpu": [
        "arm64"
      ],
      "dev": true,
      "optional": true,
      "os": [
        "linux"
      ]
    },
    "node_modules/@rsbuild/shared/node_modules/@rspack/binding-linux-x64-gnu": {
      "version": "0.5.9-canary-8778e17-20240403045016",
      "resolved": "https://registry.npmjs.org/@rspack/binding-linux-x64-gnu/-/binding-linux-x64-gnu-0.5.9-canary-8778e17-20240403045016.tgz",
      "integrity": "sha512-ZMDQwLyfITvVvwUScbiHrctIW+M8pOp9ZB5JsGFvfhyemmer7MjTehFoYTNkN7ZMYsQsfRFzvrgEGVoYLel3ZQ==",
      "cpu": [
        "x64"
      ],
      "dev": true,
      "optional": true,
      "os": [
        "linux"
      ]
    },
    "node_modules/@rsbuild/shared/node_modules/@rspack/binding-linux-x64-musl": {
      "version": "0.5.9-canary-8778e17-20240403045016",
      "resolved": "https://registry.npmjs.org/@rspack/binding-linux-x64-musl/-/binding-linux-x64-musl-0.5.9-canary-8778e17-20240403045016.tgz",
      "integrity": "sha512-sHrx3fF/fFfcWNXD4Uu2zc8Wh3IzEVr7o4aomKmD2oUSKzmKPVyAl74hNei+MB/tcW6ejp1sHQOhPMX1gAZV+w==",
      "cpu": [
        "x64"
      ],
      "dev": true,
      "optional": true,
      "os": [
        "linux"
      ]
    },
    "node_modules/@rsbuild/shared/node_modules/@rspack/binding-win32-arm64-msvc": {
      "version": "0.5.9-canary-8778e17-20240403045016",
      "resolved": "https://registry.npmjs.org/@rspack/binding-win32-arm64-msvc/-/binding-win32-arm64-msvc-0.5.9-canary-8778e17-20240403045016.tgz",
      "integrity": "sha512-LySghG2vx/NeZQPTkCR5izmH7LDmi1owbde97sS6M0W8dc7QhwiFporxAWU4f2EvKgAx42l3V/5uAt7DwhLFMQ==",
      "cpu": [
        "arm64"
      ],
      "dev": true,
      "optional": true,
      "os": [
        "win32"
      ]
    },
    "node_modules/@rsbuild/shared/node_modules/@rspack/binding-win32-ia32-msvc": {
      "version": "0.5.9-canary-8778e17-20240403045016",
      "resolved": "https://registry.npmjs.org/@rspack/binding-win32-ia32-msvc/-/binding-win32-ia32-msvc-0.5.9-canary-8778e17-20240403045016.tgz",
      "integrity": "sha512-lxMRk4i34G5ATqWQdPj4IW0uojDDyzWBynspzBnTPmvI92KzZD1+WDCbW2B5G+xSxqAoDYTECrezLYFrPhIAag==",
      "cpu": [
        "ia32"
      ],
      "dev": true,
      "optional": true,
      "os": [
        "win32"
      ]
    },
    "node_modules/@rsbuild/shared/node_modules/@rspack/binding-win32-x64-msvc": {
      "version": "0.5.9-canary-8778e17-20240403045016",
      "resolved": "https://registry.npmjs.org/@rspack/binding-win32-x64-msvc/-/binding-win32-x64-msvc-0.5.9-canary-8778e17-20240403045016.tgz",
      "integrity": "sha512-q0EzWVXU1gXBHXJCWkmgVODT1hCpRdQiEPqA0TKhn47XRfcVm7HMFJSsGOH046JiLpOjxF8kG2LFP/kca2YDiw==",
      "cpu": [
        "x64"
      ],
      "dev": true,
      "optional": true,
      "os": [
        "win32"
      ]
    },
    "node_modules/@rsbuild/shared/node_modules/@rspack/core": {
      "version": "0.5.9-canary-8778e17-20240403045016",
      "resolved": "https://registry.npmjs.org/@rspack/core/-/core-0.5.9-canary-8778e17-20240403045016.tgz",
      "integrity": "sha512-UZ6U2RPnLJ2suswKxqxJIW02eoKdZdFX2/CpE5Y7NnGmp7mNd+lSNbiNnhuJ9KXL/RcopmI0CSmnlb9wRglqlQ==",
      "dev": true,
      "dependencies": {
        "@module-federation/runtime-tools": "0.0.8",
        "@rspack/binding": "0.5.9-canary-8778e17-20240403045016",
        "browserslist": "^4.21.3",
        "enhanced-resolve": "5.12.0",
        "events": "^3.3.0",
        "graceful-fs": "4.2.10",
        "json-parse-even-better-errors": "^3.0.0",
        "neo-async": "2.6.2",
        "tapable": "2.2.1",
        "watchpack": "^2.4.0",
        "webpack-sources": "3.2.3",
        "zod": "^3.21.4",
        "zod-validation-error": "1.3.1"
      },
      "engines": {
        "node": ">=16.0.0"
      },
      "peerDependencies": {
        "@swc/helpers": ">=0.5.1"
      },
      "peerDependenciesMeta": {
        "@swc/helpers": {
          "optional": true
        }
      }
    },
    "node_modules/@rspack/binding": {
      "version": "0.5.9",
      "resolved": "https://registry.npmjs.org/@rspack/binding/-/binding-0.5.9.tgz",
      "integrity": "sha512-6/+m+V3kf2CPmtB3DPziHdxJVxDi52Y3QRRH6bD5uvUtdS+Y48ICtvwUMREoC3yrZ5wCpe6j7J48iTLYn4toWQ==",
      "dev": true,
      "optional": true,
      "peer": true,
      "optionalDependencies": {
        "@rspack/binding-darwin-arm64": "0.5.9",
        "@rspack/binding-darwin-x64": "0.5.9",
        "@rspack/binding-linux-arm64-gnu": "0.5.9",
        "@rspack/binding-linux-arm64-musl": "0.5.9",
        "@rspack/binding-linux-x64-gnu": "0.5.9",
        "@rspack/binding-linux-x64-musl": "0.5.9",
        "@rspack/binding-win32-arm64-msvc": "0.5.9",
        "@rspack/binding-win32-ia32-msvc": "0.5.9",
        "@rspack/binding-win32-x64-msvc": "0.5.9"
      }
    },
    "node_modules/@rspack/binding-darwin-arm64": {
      "version": "0.5.9",
      "resolved": "https://registry.npmjs.org/@rspack/binding-darwin-arm64/-/binding-darwin-arm64-0.5.9.tgz",
      "integrity": "sha512-IIClT4d5O7Ays6QrZG06eMYFYY4PwGpcRNChbeKkl3v+CgNshmsPHASnQ6HQjwilcnFw252Hb7ayz0IJGrArHQ==",
      "cpu": [
        "arm64"
      ],
      "dev": true,
      "optional": true,
      "os": [
        "darwin"
      ],
      "peer": true
    },
    "node_modules/@rspack/binding-darwin-x64": {
      "version": "0.5.9",
      "resolved": "https://registry.npmjs.org/@rspack/binding-darwin-x64/-/binding-darwin-x64-0.5.9.tgz",
      "integrity": "sha512-K3ijbHCR5ZgT69gR3LK8Zz9f+moMtqe87K7mu/6dms5n2eA/JrtZK/6qFaWKypgjySdwM6uNmff2FkJCJdRl/g==",
      "cpu": [
        "x64"
      ],
      "dev": true,
      "optional": true,
      "os": [
        "darwin"
      ],
      "peer": true
    },
    "node_modules/@rspack/binding-linux-arm64-gnu": {
      "version": "0.5.9",
      "resolved": "https://registry.npmjs.org/@rspack/binding-linux-arm64-gnu/-/binding-linux-arm64-gnu-0.5.9.tgz",
      "integrity": "sha512-sc0fp4CEt3sgafrDUV5hTLDErlarmsazPGkxdJPb5TGVYjiKaYxM6AtH1ZTEDP1DmDtCvBUutfbdO6pzXFDGSA==",
      "cpu": [
        "arm64"
      ],
      "dev": true,
      "optional": true,
      "os": [
        "linux"
      ],
      "peer": true
    },
    "node_modules/@rspack/binding-linux-arm64-musl": {
      "version": "0.5.9",
      "resolved": "https://registry.npmjs.org/@rspack/binding-linux-arm64-musl/-/binding-linux-arm64-musl-0.5.9.tgz",
      "integrity": "sha512-clhkNsNi76pTYtZz1U95R36AdZZH2eXbBWb0g17okCt4aXfJoHWIViDvHWvVmU9318repxwww3rR0ImbLskZiw==",
      "cpu": [
        "arm64"
      ],
      "dev": true,
      "optional": true,
      "os": [
        "linux"
      ],
      "peer": true
    },
    "node_modules/@rspack/binding-linux-x64-gnu": {
      "version": "0.5.9",
      "resolved": "https://registry.npmjs.org/@rspack/binding-linux-x64-gnu/-/binding-linux-x64-gnu-0.5.9.tgz",
      "integrity": "sha512-bC69vwrG9R/kdpEuDXP/IleedCWR97d0GRLJFAapc2rPoFRI3vnuQVzp8+nX7CA1k2n6tfOJlOvaWLIik3hzXw==",
      "cpu": [
        "x64"
      ],
      "dev": true,
      "optional": true,
      "os": [
        "linux"
      ],
      "peer": true
    },
    "node_modules/@rspack/binding-linux-x64-musl": {
      "version": "0.5.9",
      "resolved": "https://registry.npmjs.org/@rspack/binding-linux-x64-musl/-/binding-linux-x64-musl-0.5.9.tgz",
      "integrity": "sha512-QGDcWKlLCunBW1/zIvPq6HkIt7920WVhY+ONFGd12owPUEveZTVxWYr64ROJqtIFueWFZYY4FFX6uwCpmH2hrQ==",
      "cpu": [
        "x64"
      ],
      "dev": true,
      "optional": true,
      "os": [
        "linux"
      ],
      "peer": true
    },
    "node_modules/@rspack/binding-win32-arm64-msvc": {
      "version": "0.5.9",
      "resolved": "https://registry.npmjs.org/@rspack/binding-win32-arm64-msvc/-/binding-win32-arm64-msvc-0.5.9.tgz",
      "integrity": "sha512-57ux9VmD4tIPBAM9G6cgGUjKX2AVLln+DJ3E2+OZV430w09NUoXmwt9THIm2cCaiExMlo0rZpgaEOsRbG1asBQ==",
      "cpu": [
        "arm64"
      ],
      "dev": true,
      "optional": true,
      "os": [
        "win32"
      ],
      "peer": true
    },
    "node_modules/@rspack/binding-win32-ia32-msvc": {
      "version": "0.5.9",
      "resolved": "https://registry.npmjs.org/@rspack/binding-win32-ia32-msvc/-/binding-win32-ia32-msvc-0.5.9.tgz",
      "integrity": "sha512-DbV4fyZjvEZQi8lDttelP3ctvljfOc4rtElV0rFHzx78MCR7yBqhjLZwy0Y0x3x4SsVlxXyCAL1yXaUKL+Zoiw==",
      "cpu": [
        "ia32"
      ],
      "dev": true,
      "optional": true,
      "os": [
        "win32"
      ],
      "peer": true
    },
    "node_modules/@rspack/binding-win32-x64-msvc": {
      "version": "0.5.9",
      "resolved": "https://registry.npmjs.org/@rspack/binding-win32-x64-msvc/-/binding-win32-x64-msvc-0.5.9.tgz",
      "integrity": "sha512-3FI/6hgsI/g42r+N2gfzs6k5P18X+3WcmT+VMX4Z3BvEi8L6nj6XlFRb/UOBac30/ohl435eEFVWjmyzdvS7Cw==",
      "cpu": [
        "x64"
      ],
      "dev": true,
      "optional": true,
      "os": [
        "win32"
      ],
      "peer": true
    },
    "node_modules/@rspack/core": {
      "version": "0.5.9",
      "resolved": "https://registry.npmjs.org/@rspack/core/-/core-0.5.9.tgz",
      "integrity": "sha512-SNz6PS+LD5AFUnX75m5F1GULHPyoDx8v6A6zf5FQSF4CwZ+lGz47Fa2gRTTcQNXp3Fp+7v5m1q8TrSukV3yHwA==",
      "dev": true,
      "optional": true,
      "peer": true,
      "dependencies": {
        "@module-federation/runtime-tools": "0.0.8",
        "@rspack/binding": "0.5.9",
        "browserslist": "^4.21.3",
        "enhanced-resolve": "5.12.0",
        "events": "^3.3.0",
        "graceful-fs": "4.2.10",
        "json-parse-even-better-errors": "^3.0.0",
        "neo-async": "2.6.2",
        "tapable": "2.2.1",
        "watchpack": "^2.4.0",
        "webpack-sources": "3.2.3",
        "zod": "^3.21.4",
        "zod-validation-error": "1.3.1"
      },
      "engines": {
        "node": ">=16.0.0"
      },
      "peerDependencies": {
        "@swc/helpers": ">=0.5.1"
      },
      "peerDependenciesMeta": {
        "@swc/helpers": {
          "optional": true
        }
      }
    },
    "node_modules/@rspack/plugin-react-refresh": {
      "version": "0.5.9-canary-8778e17-20240403045016",
      "resolved": "https://registry.npmjs.org/@rspack/plugin-react-refresh/-/plugin-react-refresh-0.5.9-canary-8778e17-20240403045016.tgz",
      "integrity": "sha512-+sx8jl9+ZRu/iUcmbUb0uEMT0XjR8dWgz73j3xXXGXZtKJtRJrnUsDIbUCJTni2BnAWppEevkftZwA3ZXyGuXQ==",
      "dev": true,
      "peerDependencies": {
        "react-refresh": ">=0.10.0 <1.0.0"
      },
      "peerDependenciesMeta": {
        "react-refresh": {
          "optional": true
        }
      }
    },
    "node_modules/@swc/helpers": {
      "version": "0.5.3",
      "resolved": "https://registry.npmjs.org/@swc/helpers/-/helpers-0.5.3.tgz",
      "integrity": "sha512-FaruWX6KdudYloq1AHD/4nU+UsMTdNE8CKyrseXWEcgjDAbvkwJg2QGPAnfIJLIWsjZOSPLOAykK6fuYp4vp4A==",
      "dev": true,
      "dependencies": {
        "tslib": "^2.4.0"
      }
    },
    "node_modules/@types/prop-types": {
      "version": "15.7.12",
      "resolved": "https://registry.npmjs.org/@types/prop-types/-/prop-types-15.7.12.tgz",
      "integrity": "sha512-5zvhXYtRNRluoE/jAp4GVsSduVUzNWKkOZrCDBWYtE7biZywwdC2AcEzg+cSMLFRfVgeAFqpfNabiPjxFddV1Q==",
      "dev": true
    },
    "node_modules/@types/react": {
      "version": "18.2.74",
      "resolved": "https://registry.npmjs.org/@types/react/-/react-18.2.74.tgz",
      "integrity": "sha512-9AEqNZZyBx8OdZpxzQlaFEVCSFUM2YXJH46yPOiOpm078k6ZLOCcuAzGum/zK8YBwY+dbahVNbHrbgrAwIRlqw==",
      "dev": true,
      "dependencies": {
        "@types/prop-types": "*",
        "csstype": "^3.0.2"
      }
    },
    "node_modules/@types/react-dom": {
      "version": "18.2.23",
      "resolved": "https://registry.npmjs.org/@types/react-dom/-/react-dom-18.2.23.tgz",
      "integrity": "sha512-ZQ71wgGOTmDYpnav2knkjr3qXdAFu0vsk8Ci5w3pGAIdj7/kKAyn+VsQDhXsmzzzepAiI9leWMmubXz690AI/A==",
      "dev": true,
      "dependencies": {
        "@types/react": "*"
      }
    },
    "node_modules/browserslist": {
      "version": "4.23.0",
      "resolved": "https://registry.npmjs.org/browserslist/-/browserslist-4.23.0.tgz",
      "integrity": "sha512-QW8HiM1shhT2GuzkvklfjcKDiWFXHOeFCIA/huJPwHsslwcydgk7X+z2zXpEijP98UCY7HbubZt5J2Zgvf0CaQ==",
      "dev": true,
      "funding": [
        {
          "type": "opencollective",
          "url": "https://opencollective.com/browserslist"
        },
        {
          "type": "tidelift",
          "url": "https://tidelift.com/funding/github/npm/browserslist"
        },
        {
          "type": "github",
          "url": "https://github.com/sponsors/ai"
        }
      ],
      "dependencies": {
        "caniuse-lite": "^1.0.30001587",
        "electron-to-chromium": "^1.4.668",
        "node-releases": "^2.0.14",
        "update-browserslist-db": "^1.0.13"
      },
      "bin": {
        "browserslist": "cli.js"
      },
      "engines": {
        "node": "^6 || ^7 || ^8 || ^9 || ^10 || ^11 || ^12 || >=13.7"
      }
    },
    "node_modules/caniuse-lite": {
      "version": "1.0.30001605",
      "resolved": "https://registry.npmjs.org/caniuse-lite/-/caniuse-lite-1.0.30001605.tgz",
      "integrity": "sha512-nXwGlFWo34uliI9z3n6Qc0wZaf7zaZWA1CPZ169La5mV3I/gem7bst0vr5XQH5TJXZIMfDeZyOrZnSlVzKxxHQ==",
      "dev": true,
      "funding": [
        {
          "type": "opencollective",
          "url": "https://opencollective.com/browserslist"
        },
        {
          "type": "tidelift",
          "url": "https://tidelift.com/funding/github/npm/caniuse-lite"
        },
        {
          "type": "github",
          "url": "https://github.com/sponsors/ai"
        }
      ]
    },
    "node_modules/core-js": {
      "version": "3.36.1",
      "resolved": "https://registry.npmjs.org/core-js/-/core-js-3.36.1.tgz",
      "integrity": "sha512-BTvUrwxVBezj5SZ3f10ImnX2oRByMxql3EimVqMysepbC9EeMUOpLwdy6Eoili2x6E4kf+ZUB5k/+Jv55alPfA==",
      "dev": true,
      "hasInstallScript": true,
      "funding": {
        "type": "opencollective",
        "url": "https://opencollective.com/core-js"
      }
    },
    "node_modules/csstype": {
      "version": "3.1.3",
      "resolved": "https://registry.npmjs.org/csstype/-/csstype-3.1.3.tgz",
      "integrity": "sha512-M1uQkMl8rQK/szD0LNhtqxIPLpimGm8sOBwU7lLnCpSbTyY3yeU1Vc7l4KT5zT4s/yOxHH5O7tIuuLOCnLADRw==",
      "dev": true
    },
    "node_modules/electron-to-chromium": {
      "version": "1.4.724",
      "resolved": "https://registry.npmjs.org/electron-to-chromium/-/electron-to-chromium-1.4.724.tgz",
      "integrity": "sha512-RTRvkmRkGhNBPPpdrgtDKvmOEYTrPlXDfc0J/Nfq5s29tEahAwhiX4mmhNzj6febWMleulxVYPh7QwCSL/EldA==",
      "dev": true
    },
    "node_modules/enhanced-resolve": {
      "version": "5.12.0",
      "resolved": "https://registry.npmjs.org/enhanced-resolve/-/enhanced-resolve-5.12.0.tgz",
      "integrity": "sha512-QHTXI/sZQmko1cbDoNAa3mJ5qhWUUNAq3vR0/YiD379fWQrcfuoX1+HW2S0MTt7XmoPLapdaDKUtelUSPic7hQ==",
      "dev": true,
      "dependencies": {
        "graceful-fs": "^4.2.4",
        "tapable": "^2.2.0"
      },
      "engines": {
        "node": ">=10.13.0"
      }
    },
    "node_modules/escalade": {
      "version": "3.1.2",
      "resolved": "https://registry.npmjs.org/escalade/-/escalade-3.1.2.tgz",
      "integrity": "sha512-ErCHMCae19vR8vQGe50xIsVomy19rg6gFu3+r3jkEO46suLMWBksvVyoGgQV+jOfl84ZSOSlmv6Gxa89PmTGmA==",
      "dev": true,
      "engines": {
        "node": ">=6"
      }
    },
    "node_modules/events": {
      "version": "3.3.0",
      "resolved": "https://registry.npmjs.org/events/-/events-3.3.0.tgz",
      "integrity": "sha512-mQw+2fkQbALzQ7V0MY0IqdnXNOeTtP4r0lN9z7AAawCXgqea7bDii20AYrIBrFd/Hx0M2Ocz6S111CaFkUcb0Q==",
      "dev": true,
      "engines": {
        "node": ">=0.8.x"
      }
    },
    "node_modules/glob-to-regexp": {
      "version": "0.4.1",
      "resolved": "https://registry.npmjs.org/glob-to-regexp/-/glob-to-regexp-0.4.1.tgz",
      "integrity": "sha512-lkX1HJXwyMcprw/5YUZc2s7DrpAiHB21/V+E1rHUrVNokkvB6bqMzT0VfV6/86ZNabt1k14YOIaT7nDvOX3Iiw==",
      "dev": true
    },
    "node_modules/graceful-fs": {
      "version": "4.2.10",
      "resolved": "https://registry.npmjs.org/graceful-fs/-/graceful-fs-4.2.10.tgz",
      "integrity": "sha512-9ByhssR2fPVsNZj478qUUbKfmL0+t5BDVyjShtyZZLiK7ZDAArFFfopyOTj0M05wE2tJPisA4iTnnXl2YoPvOA==",
      "dev": true
    },
    "node_modules/html-webpack-plugin": {
      "name": "html-rspack-plugin",
      "version": "5.6.2",
      "resolved": "https://registry.npmjs.org/html-rspack-plugin/-/html-rspack-plugin-5.6.2.tgz",
      "integrity": "sha512-cPGwV3odvKJ7DBAG/DxF5e0nMMvBl1zGfyDciT2xMETRrIwajwC7LtEB3cf7auoGMK6xJOOLjWJgaKHLu/FzkQ==",
      "dev": true,
      "dependencies": {
        "lodash": "^4.17.21",
        "tapable": "^2.0.0"
      },
      "engines": {
        "node": ">=10.13.0"
      },
      "funding": {
        "type": "opencollective",
        "url": "https://opencollective.com/html-webpack-plugin"
      },
      "peerDependencies": {
        "@rspack/core": "0.x || 1.x"
      },
      "peerDependenciesMeta": {
        "@rspack/core": {
          "optional": true
        }
      }
    },
    "node_modules/js-tokens": {
      "version": "4.0.0",
      "resolved": "https://registry.npmjs.org/js-tokens/-/js-tokens-4.0.0.tgz",
      "integrity": "sha512-RdJUflcE3cUzKiMqQgsCu06FPu9UdIJO0beYbPhHN4k6apgJtifcoCtT9bcxOpYBtpD2kCM6Sbzg4CausW/PKQ=="
    },
    "node_modules/json-parse-even-better-errors": {
      "version": "3.0.1",
      "resolved": "https://registry.npmjs.org/json-parse-even-better-errors/-/json-parse-even-better-errors-3.0.1.tgz",
      "integrity": "sha512-aatBvbL26wVUCLmbWdCpeu9iF5wOyWpagiKkInA+kfws3sWdBrTnsvN2CKcyCYyUrc7rebNBlK6+kteg7ksecg==",
      "dev": true,
      "engines": {
        "node": "^14.17.0 || ^16.13.0 || >=18.0.0"
      }
    },
    "node_modules/lodash": {
      "version": "4.17.21",
      "resolved": "https://registry.npmjs.org/lodash/-/lodash-4.17.21.tgz",
      "integrity": "sha512-v2kDEe57lecTulaDIuNTPy3Ry4gLGJ6Z1O3vE1krgXZNrsQ+LFTGHVxVjcXPs17LhbZVGedAJv8XZ1tvj5FvSg==",
      "dev": true
    },
    "node_modules/loose-envify": {
      "version": "1.4.0",
      "resolved": "https://registry.npmjs.org/loose-envify/-/loose-envify-1.4.0.tgz",
      "integrity": "sha512-lyuxPGr/Wfhrlem2CL/UcnUc1zcqKAImBDzukY7Y5F/yQiNdko6+fRLevlw1HgMySw7f611UIY408EtxRSoK3Q==",
      "dependencies": {
        "js-tokens": "^3.0.0 || ^4.0.0"
      },
      "bin": {
        "loose-envify": "cli.js"
      }
    },
    "node_modules/nanoid": {
      "version": "3.3.7",
      "resolved": "https://registry.npmjs.org/nanoid/-/nanoid-3.3.7.tgz",
      "integrity": "sha512-eSRppjcPIatRIMC1U6UngP8XFcz8MQWGQdt1MTBQ7NaAmvXDfvNxbvWV3x2y6CdEUciCSsDHDQZbhYaB8QEo2g==",
      "dev": true,
      "funding": [
        {
          "type": "github",
          "url": "https://github.com/sponsors/ai"
        }
      ],
      "bin": {
        "nanoid": "bin/nanoid.cjs"
      },
      "engines": {
        "node": "^10 || ^12 || ^13.7 || ^14 || >=15.0.1"
      }
    },
    "node_modules/neo-async": {
      "version": "2.6.2",
      "resolved": "https://registry.npmjs.org/neo-async/-/neo-async-2.6.2.tgz",
      "integrity": "sha512-Yd3UES5mWCSqR+qNT93S3UoYUkqAZ9lLg8a7g9rimsWmYGK8cVToA4/sF3RrshdyV3sAGMXVUmpMYOw+dLpOuw==",
      "dev": true
    },
    "node_modules/node-releases": {
      "version": "2.0.14",
      "resolved": "https://registry.npmjs.org/node-releases/-/node-releases-2.0.14.tgz",
      "integrity": "sha512-y10wOWt8yZpqXmOgRo77WaHEmhYQYGNA6y421PKsKYWEK8aW+cqAphborZDhqfyKrbZEN92CN1X2KbafY2s7Yw==",
      "dev": true
    },
    "node_modules/picocolors": {
      "version": "1.0.0",
      "resolved": "https://registry.npmjs.org/picocolors/-/picocolors-1.0.0.tgz",
      "integrity": "sha512-1fygroTLlHu66zi26VoTDv8yRgm0Fccecssto+MhsZ0D/DGW2sm8E8AjW7NU5VVTRt5GxbeZ5qBuJr+HyLYkjQ==",
      "dev": true
    },
    "node_modules/postcss": {
      "version": "8.4.38",
      "resolved": "https://registry.npmjs.org/postcss/-/postcss-8.4.38.tgz",
      "integrity": "sha512-Wglpdk03BSfXkHoQa3b/oulrotAkwrlLDRSOb9D0bN86FdRyE9lppSp33aHNPgBa0JKCoB+drFLZkQoRRYae5A==",
      "dev": true,
      "funding": [
        {
          "type": "opencollective",
          "url": "https://opencollective.com/postcss/"
        },
        {
          "type": "tidelift",
          "url": "https://tidelift.com/funding/github/npm/postcss"
        },
        {
          "type": "github",
          "url": "https://github.com/sponsors/ai"
        }
      ],
      "dependencies": {
        "nanoid": "^3.3.7",
        "picocolors": "^1.0.0",
        "source-map-js": "^1.2.0"
      },
      "engines": {
        "node": "^10 || ^12 || >=14"
      }
    },
    "node_modules/react": {
      "version": "18.2.0",
      "resolved": "https://registry.npmjs.org/react/-/react-18.2.0.tgz",
      "integrity": "sha512-/3IjMdb2L9QbBdWiW5e3P2/npwMBaU9mHCSCUzNln0ZCYbcfTsGbTJrU/kGemdH2IWmB2ioZ+zkxtmq6g09fGQ==",
      "dependencies": {
        "loose-envify": "^1.1.0"
      },
      "engines": {
        "node": ">=0.10.0"
      }
    },
    "node_modules/react-dom": {
      "version": "18.2.0",
      "resolved": "https://registry.npmjs.org/react-dom/-/react-dom-18.2.0.tgz",
      "integrity": "sha512-6IMTriUmvsjHUjNtEDudZfuDQUoWXVxKHhlEGSk81n4YFS+r/Kl99wXiwlVXtPBtJenozv2P+hxDsw9eA7Xo6g==",
      "dependencies": {
        "loose-envify": "^1.1.0",
        "scheduler": "^0.23.0"
      },
      "peerDependencies": {
        "react": "^18.2.0"
      }
    },
    "node_modules/react-refresh": {
      "version": "0.14.0",
      "resolved": "https://registry.npmjs.org/react-refresh/-/react-refresh-0.14.0.tgz",
      "integrity": "sha512-wViHqhAd8OHeLS/IRMJjTSDHF3U9eWi62F/MledQGPdJGDhodXJ9PBLNGr6WWL7qlH12Mt3TyTpbS+hGXMjCzQ==",
      "dev": true,
      "engines": {
        "node": ">=0.10.0"
      }
    },
    "node_modules/scheduler": {
      "version": "0.23.0",
      "resolved": "https://registry.npmjs.org/scheduler/-/scheduler-0.23.0.tgz",
      "integrity": "sha512-CtuThmgHNg7zIZWAXi3AsyIzA3n4xx7aNyjwC2VJldO2LMVDhFK+63xGqq6CsJH4rTAt6/M+N4GhZiDYPx9eUw==",
      "dependencies": {
        "loose-envify": "^1.1.0"
      }
    },
    "node_modules/source-map-js": {
      "version": "1.2.0",
      "resolved": "https://registry.npmjs.org/source-map-js/-/source-map-js-1.2.0.tgz",
      "integrity": "sha512-itJW8lvSA0TXEphiRoawsCksnlf8SyvmFzIhltqAHluXd88pkCd+cXJVHTDwdCr0IzwptSm035IHQktUu1QUMg==",
      "dev": true,
      "engines": {
        "node": ">=0.10.0"
      }
    },
    "node_modules/tapable": {
      "version": "2.2.1",
      "resolved": "https://registry.npmjs.org/tapable/-/tapable-2.2.1.tgz",
      "integrity": "sha512-GNzQvQTOIP6RyTfE2Qxb8ZVlNmw0n88vp1szwWRimP02mnTsx3Wtn5qRdqY9w2XduFNUgvOwhNnQsjwCp+kqaQ==",
      "dev": true,
      "engines": {
        "node": ">=6"
      }
    },
    "node_modules/tslib": {
      "version": "2.6.2",
      "resolved": "https://registry.npmjs.org/tslib/-/tslib-2.6.2.tgz",
      "integrity": "sha512-AEYxH93jGFPn/a2iVAwW87VuUIkR1FVUKB77NwMF7nBTDkDrrT/Hpt/IrCJ0QXhW27jTBDcf5ZY7w6RiqTMw2Q==",
      "dev": true
    },
    "node_modules/typescript": {
      "version": "5.4.3",
      "resolved": "https://registry.npmjs.org/typescript/-/typescript-5.4.3.tgz",
      "integrity": "sha512-KrPd3PKaCLr78MalgiwJnA25Nm8HAmdwN3mYUYZgG/wizIo9EainNVQI9/yDavtVFRN2h3k8uf3GLHuhDMgEHg==",
      "dev": true,
      "bin": {
        "tsc": "bin/tsc",
        "tsserver": "bin/tsserver"
      },
      "engines": {
        "node": ">=14.17"
      }
    },
    "node_modules/update-browserslist-db": {
      "version": "1.0.13",
      "resolved": "https://registry.npmjs.org/update-browserslist-db/-/update-browserslist-db-1.0.13.tgz",
      "integrity": "sha512-xebP81SNcPuNpPP3uzeW1NYXxI3rxyJzF3pD6sH4jE7o/IX+WtSpwnVU+qIsDPyk0d3hmFQ7mjqc6AtV604hbg==",
      "dev": true,
      "funding": [
        {
          "type": "opencollective",
          "url": "https://opencollective.com/browserslist"
        },
        {
          "type": "tidelift",
          "url": "https://tidelift.com/funding/github/npm/browserslist"
        },
        {
          "type": "github",
          "url": "https://github.com/sponsors/ai"
        }
      ],
      "dependencies": {
        "escalade": "^3.1.1",
        "picocolors": "^1.0.0"
      },
      "bin": {
        "update-browserslist-db": "cli.js"
      },
      "peerDependencies": {
        "browserslist": ">= 4.21.0"
      }
    },
    "node_modules/watchpack": {
      "version": "2.4.1",
      "resolved": "https://registry.npmjs.org/watchpack/-/watchpack-2.4.1.tgz",
      "integrity": "sha512-8wrBCMtVhqcXP2Sup1ctSkga6uc2Bx0IIvKyT7yTFier5AXHooSI+QyQQAtTb7+E0IUCCKyTFmXqdqgum2XWGg==",
      "dev": true,
      "dependencies": {
        "glob-to-regexp": "^0.4.1",
        "graceful-fs": "^4.1.2"
      },
      "engines": {
        "node": ">=10.13.0"
      }
    },
    "node_modules/webpack-sources": {
      "version": "3.2.3",
      "resolved": "https://registry.npmjs.org/webpack-sources/-/webpack-sources-3.2.3.tgz",
      "integrity": "sha512-/DyMEOrDgLKKIG0fmvtz+4dUX/3Ghozwgm6iPp8KRhvn+eQf9+Q7GWxVNMk3+uCPWfdXYC4ExGBckIXdFEfH1w==",
      "dev": true,
      "engines": {
        "node": ">=10.13.0"
      }
    },
    "node_modules/zod": {
      "version": "3.22.4",
      "resolved": "https://registry.npmjs.org/zod/-/zod-3.22.4.tgz",
      "integrity": "sha512-iC+8Io04lddc+mVqQ9AZ7OQ2MrUKGN+oIQyq1vemgt46jwCwLfhq7/pwnBnNXXXZb8VTVLKwp9EDkx+ryxIWmg==",
      "dev": true,
      "funding": {
        "url": "https://github.com/sponsors/colinhacks"
      }
    },
    "node_modules/zod-validation-error": {
      "version": "1.3.1",
      "resolved": "https://registry.npmjs.org/zod-validation-error/-/zod-validation-error-1.3.1.tgz",
      "integrity": "sha512-cNEXpla+tREtNdAnNKY4xKY1SGOn2yzyuZMu4O0RQylX9apRpUjNcPkEc3uHIAr5Ct7LenjZt6RzjEH6+JsqVQ==",
      "dev": true,
      "engines": {
        "node": ">=16.0.0"
      },
      "peerDependencies": {
        "zod": "^3.18.0"
      }
    }
  }
}
